{
  "name": "protoc-ts-es2015",
  "version": "1.0.0",
  "lockfileVersion": 1,
  "requires": true,
  "dependencies": {
    "@types/dedent": {
      "version": "0.7.0",
      "resolved": "https://registry.npmjs.org/@types/dedent/-/dedent-0.7.0.tgz",
      "integrity": "sha512-EGlKlgMhnLt/cM4DbUSafFdrkeJoC9Mvnj0PUCU7tFmTjMjNRT957kXCx0wYm3JuEq4o4ZsS5vG+NlkM2DMd2A=="
    },
    "@types/google-protobuf": {
      "version": "3.2.7",
      "resolved": "https://registry.npmjs.org/@types/google-protobuf/-/google-protobuf-3.2.7.tgz",
      "integrity": "sha512-Pb9wl5qDEwfnJeeu6Zpn5Y+waLrKETStqLZXHMGCTbkNuBBudPy4qOGN6veamyeoUBwTm2knOVeP/FlHHhhmzA=="
    },
    "@types/indent-string": {
      "version": "3.0.0",
      "resolved": "http://registry.npmjs.org/@types/indent-string/-/indent-string-3.0.0.tgz",
      "integrity": "sha1-nrs5HO2lSJJvWBmtFkBTSWQbmZ8="
    },
    "@types/node": {
      "version": "10.12.12",
      "resolved": "https://registry.npmjs.org/@types/node/-/node-10.12.12.tgz",
      "integrity": "sha512-Pr+6JRiKkfsFvmU/LK68oBRCQeEg36TyAbPhc2xpez24OOZZCuoIhWGTd39VZy6nGafSbxzGouFPTFD/rR1A0A=="
    },
    "dedent": {
      "version": "0.7.0",
      "resolved": "https://registry.npmjs.org/dedent/-/dedent-0.7.0.tgz",
      "integrity": "sha1-JJXduvbrh0q7Dhvp3yLS5aVEMmw="
    },
    "google-protobuf": {
      "version": "3.6.1",
      "resolved": "https://registry.npmjs.org/google-protobuf/-/google-protobuf-3.6.1.tgz",
      "integrity": "sha512-SJYemeX5GjDLPnadcmCNQePQHCS4Hl5fOcI/JawqDIYFhCmrtYAjcx/oTQx/Wi8UuCuZQhfvftbmPePPAYHFtA=="
    },
    "indent-string": {
      "version": "3.2.0",
      "resolved": "https://registry.npmjs.org/indent-string/-/indent-string-3.2.0.tgz",
      "integrity": "sha1-Sl/W0nzDMvN+VBmlBNu4NxBckok="
    },
    "ts-protoc-gen": {
      "version": "0.8.0",
      "resolved": "https://registry.npmjs.org/ts-protoc-gen/-/ts-protoc-gen-0.8.0.tgz",
      "integrity": "sha512-LUFM4Jy3qMSVyRf5ql973cJjltS98MiCz8kPf1Rc9AC9BeLu0WJfoHLf0Tvx2cGH0jSK9BpA0o1tHQQfjeO47Q==",
      "dev": true,
      "requires": {
        "google-protobuf": "^3.6.1"
      }
    },
    "typescript": {
      "version": "3.2.2",
      "resolved": "https://registry.npmjs.org/typescript/-/typescript-3.2.2.tgz",
      "integrity": "sha512-VCj5UiSyHBjwfYacmDuc/NOk4QQixbE+Wn7MFJuS0nRuPQbof132Pw4u53dm264O8LPc2MVsc7RJNml5szurkg=="
    }
  }
}
